<?xml version="1.0" encoding="utf-8"?>
<Project ToolsVersion="4.0" xmlns="http://schemas.microsoft.com/developer/msbuild/2003">
  <ItemGroup>
    <Filter Include="ソース ファイル">
      <UniqueIdentifier>{4FC737F1-C7A5-4376-A066-2A32D752A2FF}</UniqueIdentifier>
      <Extensions>cpp;c;cc;cxx;c++;cppm;ixx;def;odl;idl;hpj;bat;asm;asmx</Extensions>
    </Filter>
    <Filter Include="ヘッダー ファイル">
      <UniqueIdentifier>{93995380-89BD-4b04-88EB-625FBE52EBFB}</UniqueIdentifier>
      <Extensions>h;hh;hpp;hxx;h++;hm;inl;inc;ipp;xsd</Extensions>
    </Filter>
    <Filter Include="リソース ファイル">
      <UniqueIdentifier>{67DA6AB6-F800-4c08-8B7A-83BB121AAD01}</UniqueIdentifier>
      <Extensions>rc;ico;cur;bmp;dlg;rc2;rct;bin;rgs;gif;jpg;jpeg;jpe;resx;tiff;tif;png;wav;mfcribbon-ms</Extensions>
    </Filter>
    <Filter Include="ヘッダー ファイル\For_main6">
      <UniqueIdentifier>{7e66c17b-3caf-4783-9caa-1bef7c37026a}</UniqueIdentifier>
    </Filter>
    <Filter Include="ソース ファイル\For_main6">
      <UniqueIdentifier>{4594f127-7660-48e2-a5d2-39930c626c51}</UniqueIdentifier>
    </Filter>
    <Filter Include="ヘッダー ファイル\For_main7">
      <UniqueIdentifier>{2b8ba0af-6c53-482c-b7f2-3be4334dc357}</UniqueIdentifier>
    </Filter>
    <Filter Include="ソース ファイル\For_main7">
      <UniqueIdentifier>{d99a9e93-0159-4732-96ac-4ab8cdf5031e}</UniqueIdentifier>
    </Filter>
    <Filter Include="ソース ファイル\For_main8">
      <UniqueIdentifier>{315a1e40-be4c-4c62-8638-ca2a9080468e}</UniqueIdentifier>
    </Filter>
    <Filter Include="ヘッダー ファイル\For_main8">
      <UniqueIdentifier>{e92ac754-bac4-4e3a-a27d-4b7e419b1ba6}</UniqueIdentifier>
    </Filter>
    <Filter Include="ソース ファイル\For_main1~5">
      <UniqueIdentifier>{538fc00f-b656-4d31-a38c-277711426dd1}</UniqueIdentifier>
    </Filter>
  </ItemGroup>
  <ItemGroup>
    <ClCompile Include="main6.cpp">
      <Filter>ソース ファイル\For_main6</Filter>
    </ClCompile>
    <ClCompile Include="Enemy.cpp">
      <Filter>ソース ファイル\For_main6</Filter>
    </ClCompile>
    <ClCompile Include="Shot.cpp">
      <Filter>ソース ファイル\For_main6</Filter>
    </ClCompile>
    <ClCompile Include="Player.cpp">
      <Filter>ソース ファイル\For_main6</Filter>
    </ClCompile>
    <ClCompile Include="Player7.cpp">
      <Filter>ソース ファイル\For_main7</Filter>
    </ClCompile>
    <ClCompile Include="Shot7.cpp">
      <Filter>ソース ファイル\For_main7</Filter>
    </ClCompile>
    <ClCompile Include="Enemy7.cpp">
      <Filter>ソース ファイル\For_main7</Filter>
    </ClCompile>
    <ClCompile Include="main7.cpp">
      <Filter>ソース ファイル\For_main7</Filter>
    </ClCompile>
    <ClCompile Include="main1.cpp">
      <Filter>ソース ファイル\For_main1~5</Filter>
    </ClCompile>
    <ClCompile Include="main2.cpp">
      <Filter>ソース ファイル\For_main1~5</Filter>
    </ClCompile>
    <ClCompile Include="main3.cpp">
      <Filter>ソース ファイル\For_main1~5</Filter>
    </ClCompile>
    <ClCompile Include="main4.cpp">
      <Filter>ソース ファイル\For_main1~5</Filter>
    </ClCompile>
    <ClCompile Include="main5.cpp">
      <Filter>ソース ファイル\For_main1~5</Filter>
    </ClCompile>
    <ClCompile Include="main8.cpp">
      <Filter>ソース ファイル\For_main8</Filter>
    </ClCompile>
    <ClCompile Include="Enemy8.cpp">
      <Filter>ソース ファイル\For_main8</Filter>
    </ClCompile>
    <ClCompile Include="Player8.cpp">
      <Filter>ソース ファイル\For_main8</Filter>
    </ClCompile>
    <ClCompile Include="Shot8.cpp">
      <Filter>ソース ファイル\For_main8</Filter>
    </ClCompile>
  </ItemGroup>
  <ItemGroup>
    <Image Include="Resources\enemy.png">
      <Filter>リソース ファイル</Filter>
    </Image>
    <Image Include="Resources\player.png">
      <Filter>リソース ファイル</Filter>
    </Image>
  </ItemGroup>
  <ItemGroup>
    <ClInclude Include="Player.h">
      <Filter>ヘッダー ファイル\For_main6</Filter>
    </ClInclude>
    <ClInclude Include="Game.h">
      <Filter>ヘッダー ファイル\For_main6</Filter>
    </ClInclude>
    <ClInclude Include="Shot.h">
      <Filter>ヘッダー ファイル\For_main6</Filter>
    </ClInclude>
    <ClInclude Include="Enemy.h">
      <Filter>ヘッダー ファイル\For_main6</Filter>
    </ClInclude>
    <ClInclude Include="Game7.h">
      <Filter>ヘッダー ファイル\For_main7</Filter>
    </ClInclude>
    <ClInclude Include="Enemy7.h">
      <Filter>ヘッダー ファイル\For_main7</Filter>
    </ClInclude>
    <ClInclude Include="Player7.h">
      <Filter>ヘッダー ファイル\For_main7</Filter>
    </ClInclude>
    <ClInclude Include="Shot7.h">
      <Filter>ヘッダー ファイル\For_main7</Filter>
    </ClInclude>
    <ClInclude Include="Game8.h">
      <Filter>ヘッダー ファイル\For_main8</Filter>
    </ClInclude>
    <ClInclude Include="Enemy8.h">
      <Filter>ヘッダー ファイル\For_main8</Filter>
    </ClInclude>
    <ClInclude Include="Player8.h">
      <Filter>ヘッダー ファイル\For_main8</Filter>
    </ClInclude>
    <ClInclude Include="Shot8.h">
      <Filter>ヘッダー ファイル\For_main8</Filter>
    </ClInclude>
  </ItemGroup>
</Project>