<?xml version="1.0" encoding="utf-8"?>
<Project ToolsVersion="4.0" xmlns="http://schemas.microsoft.com/developer/msbuild/2003">
  <ItemGroup>
    <Filter Include="ソース ファイル">
      <UniqueIdentifier>{4FC737F1-C7A5-4376-A066-2A32D752A2FF}</UniqueIdentifier>
      <Extensions>cpp;c;cc;cxx;c++;cppm;ixx;def;odl;idl;hpj;bat;asm;asmx</Extensions>
    </Filter>
    <Filter Include="ヘッダー ファイル">
      <UniqueIdentifier>{93995380-89BD-4b04-88EB-625FBE52EBFB}</UniqueIdentifier>
      <Extensions>h;hh;hpp;hxx;h++;hm;inl;inc;ipp;xsd</Extensions>
    </Filter>
    <Filter Include="リソース ファイル">
      <UniqueIdentifier>{67DA6AB6-F800-4c08-8B7A-83BB121AAD01}</UniqueIdentifier>
      <Extensions>rc;ico;cur;bmp;dlg;rc2;rct;bin;rgs;gif;jpg;jpeg;jpe;resx;tiff;tif;png;wav;mfcribbon-ms</Extensions>
    </Filter>
    <Filter Include="MyDxlib2DGame">
      <UniqueIdentifier>{99839ab4-73ec-4dfc-bc0d-d3630004f3f0}</UniqueIdentifier>
    </Filter>
    <Filter Include="ヘッダー ファイル\ShootingGame">
      <UniqueIdentifier>{8db0e0b1-68b4-4b4a-9f06-b78997f6b681}</UniqueIdentifier>
    </Filter>
    <Filter Include="ソース ファイル\ShootingGame">
      <UniqueIdentifier>{a3608298-2f1f-4c07-a53a-449f5bb53f6e}</UniqueIdentifier>
    </Filter>
  </ItemGroup>
  <ItemGroup>
    <ClCompile Include="main.cpp">
      <Filter>ソース ファイル</Filter>
    </ClCompile>
    <ClCompile Include="MyDxlib2DGame\Vector2.cpp">
      <Filter>MyDxlib2DGame</Filter>
    </ClCompile>
    <ClCompile Include="SceneTitle.cpp">
      <Filter>ソース ファイル</Filter>
    </ClCompile>
    <ClCompile Include="ScenePlatform.cpp">
      <Filter>ソース ファイル</Filter>
    </ClCompile>
    <ClCompile Include="MyDxlib2DGame\InputKey.cpp">
      <Filter>MyDxlib2DGame</Filter>
    </ClCompile>
    <ClCompile Include="MyDxlib2DGame\InputMouse.cpp">
      <Filter>MyDxlib2DGame</Filter>
    </ClCompile>
    <ClCompile Include="ShootingPlayer.cpp">
      <Filter>ソース ファイル\ShootingGame</Filter>
    </ClCompile>
    <ClCompile Include="SceneShooting.cpp">
      <Filter>ソース ファイル\ShootingGame</Filter>
    </ClCompile>
  </ItemGroup>
  <ItemGroup>
    <None Include=".gitignore">
      <Filter>リソース ファイル</Filter>
    </None>
  </ItemGroup>
  <ItemGroup>
    <ClInclude Include="MyDxlib2DGame\_baseGameObject2D.h">
      <Filter>MyDxlib2DGame</Filter>
    </ClInclude>
    <ClInclude Include="MyDxlib2DGame\ConsoleDebug.h">
      <Filter>MyDxlib2DGame</Filter>
    </ClInclude>
    <ClInclude Include="MyDxlib2DGame\MyDxlib2DGame.h">
      <Filter>MyDxlib2DGame</Filter>
    </ClInclude>
    <ClInclude Include="MyDxlib2DGame\Rigidbody2D.h">
      <Filter>MyDxlib2DGame</Filter>
    </ClInclude>
    <ClInclude Include="MyDxlib2DGame\TimeTool.h">
      <Filter>MyDxlib2DGame</Filter>
    </ClInclude>
    <ClInclude Include="MyDxlib2DGame\Transform2D.h">
      <Filter>MyDxlib2DGame</Filter>
    </ClInclude>
    <ClInclude Include="MyDxlib2DGame\Vector2.h">
      <Filter>MyDxlib2DGame</Filter>
    </ClInclude>
    <ClInclude Include="MyDxlib2DGame\_baseGameScene.h">
      <Filter>MyDxlib2DGame</Filter>
    </ClInclude>
    <ClInclude Include="SceneTitle.h">
      <Filter>ヘッダー ファイル</Filter>
    </ClInclude>
    <ClInclude Include="MyDxlib2DGame\SimpleText.h">
      <Filter>MyDxlib2DGame</Filter>
    </ClInclude>
    <ClInclude Include="GameSetting.h">
      <Filter>ヘッダー ファイル</Filter>
    </ClInclude>
    <ClInclude Include="DxlibCommon.h">
      <Filter>ヘッダー ファイル</Filter>
    </ClInclude>
    <ClInclude Include="MyDxlib2DGame\DxlibCommon.h">
      <Filter>MyDxlib2DGame</Filter>
    </ClInclude>
    <ClInclude Include="ScenePlatform.h">
      <Filter>ヘッダー ファイル</Filter>
    </ClInclude>
    <ClInclude Include="MyDxlib2DGame\InputKey.h">
      <Filter>MyDxlib2DGame</Filter>
    </ClInclude>
    <ClInclude Include="MyDxlib2DGame\InputMouse.h">
      <Filter>MyDxlib2DGame</Filter>
    </ClInclude>
    <ClInclude Include="ShootingPlayer.h">
      <Filter>ヘッダー ファイル\ShootingGame</Filter>
    </ClInclude>
    <ClInclude Include="SceneShooting.h">
      <Filter>ヘッダー ファイル\ShootingGame</Filter>
    </ClInclude>
  </ItemGroup>
</Project>