<?xml version="1.0" encoding="utf-8"?>
<Project ToolsVersion="4.0" xmlns="http://schemas.microsoft.com/developer/msbuild/2003">
  <ItemGroup>
    <Filter Include="ソース ファイル">
      <UniqueIdentifier>{4FC737F1-C7A5-4376-A066-2A32D752A2FF}</UniqueIdentifier>
      <Extensions>cpp;c;cc;cxx;c++;cppm;ixx;def;odl;idl;hpj;bat;asm;asmx</Extensions>
    </Filter>
    <Filter Include="ヘッダー ファイル">
      <UniqueIdentifier>{93995380-89BD-4b04-88EB-625FBE52EBFB}</UniqueIdentifier>
      <Extensions>h;hh;hpp;hxx;h++;hm;inl;inc;ipp;xsd</Extensions>
    </Filter>
    <Filter Include="リソース ファイル">
      <UniqueIdentifier>{67DA6AB6-F800-4c08-8B7A-83BB121AAD01}</UniqueIdentifier>
      <Extensions>rc;ico;cur;bmp;dlg;rc2;rct;bin;rgs;gif;jpg;jpeg;jpe;resx;tiff;tif;png;wav;mfcribbon-ms</Extensions>
    </Filter>
    <Filter Include="ソース ファイル\LoadManager">
      <UniqueIdentifier>{bb2497ff-4c6a-4a4f-906b-f89e7bebcc5b}</UniqueIdentifier>
    </Filter>
    <Filter Include="ソース ファイル\MyLib">
      <UniqueIdentifier>{8fb12522-d51e-424d-84bf-0af011e516a5}</UniqueIdentifier>
    </Filter>
    <Filter Include="ソース ファイル\MyLib\Physics">
      <UniqueIdentifier>{5d480999-ef8c-4051-9503-920c8c143e8e}</UniqueIdentifier>
    </Filter>
    <Filter Include="ソース ファイル\Object">
      <UniqueIdentifier>{0f63f007-1c38-4f59-8589-8518580f25b9}</UniqueIdentifier>
    </Filter>
    <Filter Include="ソース ファイル\Object\Camera">
      <UniqueIdentifier>{cc487f0c-cdb0-4a49-a8fb-9148c63d5175}</UniqueIdentifier>
    </Filter>
    <Filter Include="ソース ファイル\Object\Player">
      <UniqueIdentifier>{52bfddfa-3849-4d1e-a110-665d065a62f2}</UniqueIdentifier>
    </Filter>
    <Filter Include="ソース ファイル\Object\Enemy">
      <UniqueIdentifier>{18906718-ef22-4eee-9bf5-dd737c7b0f19}</UniqueIdentifier>
    </Filter>
    <Filter Include="ソース ファイル\Object\Enemy\Takobo">
      <UniqueIdentifier>{13fe7081-98d9-4fd3-bc0e-ee177c8ffbaf}</UniqueIdentifier>
    </Filter>
    <Filter Include="ソース ファイル\Object\Enemy\Gorori">
      <UniqueIdentifier>{aee3e4af-9538-4344-a2a4-a1f0b24c39a3}</UniqueIdentifier>
    </Filter>
    <Filter Include="ソース ファイル\Object\Enemy\Killer">
      <UniqueIdentifier>{eeb50e86-29a4-4446-87c6-bfffcf5aa700}</UniqueIdentifier>
    </Filter>
    <Filter Include="ソース ファイル\Object\Enemy\KillerTheSeeker">
      <UniqueIdentifier>{3aa7a438-cf88-4447-8fd0-0da9c78e25ce}</UniqueIdentifier>
    </Filter>
    <Filter Include="ソース ファイル\Object\ClearObject">
      <UniqueIdentifier>{75a19a5b-c5ba-4e08-9fc1-c4ffbfd96855}</UniqueIdentifier>
    </Filter>
    <Filter Include="ソース ファイル\Planet">
      <UniqueIdentifier>{cc50842f-bba6-42f7-816f-238fc30b866c}</UniqueIdentifier>
    </Filter>
    <Filter Include="ソース ファイル\Planet\cpp">
      <UniqueIdentifier>{6b698be2-41ef-4a34-8ef0-4507022bf997}</UniqueIdentifier>
    </Filter>
    <Filter Include="ソース ファイル\Object\Item">
      <UniqueIdentifier>{822b5fbd-5283-4374-9c89-90ad0db107ec}</UniqueIdentifier>
    </Filter>
    <Filter Include="ソース ファイル\Scene">
      <UniqueIdentifier>{2ca5f853-f36e-4738-963f-7d04c5ef71c8}</UniqueIdentifier>
    </Filter>
    <Filter Include="ソース ファイル\Galaxy">
      <UniqueIdentifier>{7fb33df1-788b-49a6-b0bf-97d95f98b22c}</UniqueIdentifier>
    </Filter>
    <Filter Include="ソース ファイル\Galaxy\cpp">
      <UniqueIdentifier>{da41859a-75df-4526-a2ff-a3fd79c762a2}</UniqueIdentifier>
    </Filter>
    <Filter Include="ソース ファイル\Object\Base">
      <UniqueIdentifier>{5ee8200d-d218-4715-8901-fa6cdb3d0ef9}</UniqueIdentifier>
    </Filter>
    <Filter Include="ソース ファイル\Object\Gimmick">
      <UniqueIdentifier>{00205299-1e35-4243-8a88-44c12ba1f516}</UniqueIdentifier>
    </Filter>
    <Filter Include="ヘッダー ファイル\Galaxy">
      <UniqueIdentifier>{27f55858-8bee-4e55-8cce-6553ee6f5ad2}</UniqueIdentifier>
    </Filter>
    <Filter Include="ヘッダー ファイル\LoadManager">
      <UniqueIdentifier>{2e8ef9b4-d8e5-48dc-bfdc-4aa2e81dfee1}</UniqueIdentifier>
    </Filter>
    <Filter Include="ヘッダー ファイル\MyLib">
      <UniqueIdentifier>{96180d83-ec39-447f-bcbc-ff4098a0252d}</UniqueIdentifier>
    </Filter>
    <Filter Include="ヘッダー ファイル\Object">
      <UniqueIdentifier>{8c848428-d69b-44e9-bfdf-05b89c359769}</UniqueIdentifier>
    </Filter>
    <Filter Include="ヘッダー ファイル\Planet">
      <UniqueIdentifier>{002569ac-ba5b-40ee-b397-367299cd28cf}</UniqueIdentifier>
    </Filter>
    <Filter Include="ヘッダー ファイル\Scene">
      <UniqueIdentifier>{ff28b77d-053e-459b-baa3-d754133d50a2}</UniqueIdentifier>
    </Filter>
    <Filter Include="ヘッダー ファイル\Planet\h">
      <UniqueIdentifier>{1309e411-b875-46c8-84b5-94643944ee58}</UniqueIdentifier>
    </Filter>
    <Filter Include="ヘッダー ファイル\Object\Base">
      <UniqueIdentifier>{c8361e93-6d29-4ac2-bc46-0e3f59cf9a8a}</UniqueIdentifier>
    </Filter>
    <Filter Include="ヘッダー ファイル\Object\Camera">
      <UniqueIdentifier>{0e143613-3514-4742-a216-cdad1da84589}</UniqueIdentifier>
    </Filter>
    <Filter Include="ヘッダー ファイル\Object\ClearObject">
      <UniqueIdentifier>{8e9bdf8f-bd31-4422-8d79-797900051d24}</UniqueIdentifier>
    </Filter>
    <Filter Include="ヘッダー ファイル\Object\Enemy">
      <UniqueIdentifier>{4ec9e0bd-68ff-48ab-bb1d-21ff939a86da}</UniqueIdentifier>
    </Filter>
    <Filter Include="ヘッダー ファイル\Object\Item">
      <UniqueIdentifier>{30359c95-6fb0-42c5-8dc6-3ad7a3990c2b}</UniqueIdentifier>
    </Filter>
    <Filter Include="ヘッダー ファイル\Object\Gimmick">
      <UniqueIdentifier>{f6abcb6c-98bc-4572-9480-a15fe0874d37}</UniqueIdentifier>
    </Filter>
    <Filter Include="ヘッダー ファイル\Object\Player">
      <UniqueIdentifier>{77358e39-eb32-4b4b-b285-c70ae3e9921e}</UniqueIdentifier>
    </Filter>
    <Filter Include="ヘッダー ファイル\Object\WarpGate">
      <UniqueIdentifier>{a2fcfd02-488b-4f7a-94cf-ccc2aab0ee3d}</UniqueIdentifier>
    </Filter>
    <Filter Include="ヘッダー ファイル\MyLib\Physics">
      <UniqueIdentifier>{52a1c384-b74c-47aa-b8cc-94d13b81b430}</UniqueIdentifier>
    </Filter>
    <Filter Include="ヘッダー ファイル\Galaxy\h">
      <UniqueIdentifier>{40def9f4-c252-4e5d-953d-e68bd94a289c}</UniqueIdentifier>
    </Filter>
    <Filter Include="ソース ファイル\Object\Enemy\Kuribo">
      <UniqueIdentifier>{bfb8a204-5009-4026-a657-a1f8212bc252}</UniqueIdentifier>
    </Filter>
    <Filter Include="ソース ファイル\Object\Player\WarpGate">
      <UniqueIdentifier>{00d3c7f7-d408-4b57-8498-58ce29860230}</UniqueIdentifier>
    </Filter>
  </ItemGroup>
  <ItemGroup>
    <ClCompile Include="Main.cpp">
      <Filter>ソース ファイル</Filter>
    </ClCompile>
    <ClCompile Include="Application.cpp">
      <Filter>ソース ファイル</Filter>
    </ClCompile>
    <ClCompile Include="Pad.cpp">
      <Filter>ソース ファイル</Filter>
    </ClCompile>
    <ClCompile Include="Game\GameManager.cpp">
      <Filter>ソース ファイル</Filter>
    </ClCompile>
    <ClCompile Include="Game\World.cpp">
      <Filter>ソース ファイル</Filter>
    </ClCompile>
    <ClCompile Include="MyLib\DebugDraw.cpp">
      <Filter>ソース ファイル\MyLib</Filter>
    </ClCompile>
    <ClCompile Include="MyLib\Geometry.cpp">
      <Filter>ソース ファイル\MyLib</Filter>
    </ClCompile>
    <ClCompile Include="MyLib\Vec2.cpp">
      <Filter>ソース ファイル\MyLib</Filter>
    </ClCompile>
    <ClCompile Include="MyLib\Vec3.cpp">
      <Filter>ソース ファイル\MyLib</Filter>
    </ClCompile>
    <ClCompile Include="MyLib\Physics\Collidable.cpp">
      <Filter>ソース ファイル\MyLib\Physics</Filter>
    </ClCompile>
    <ClCompile Include="MyLib\Physics\ColliderBase.cpp">
      <Filter>ソース ファイル\MyLib\Physics</Filter>
    </ClCompile>
    <ClCompile Include="MyLib\Physics\ColliderBox.cpp">
      <Filter>ソース ファイル\MyLib\Physics</Filter>
    </ClCompile>
    <ClCompile Include="MyLib\Physics\ColliderCapsule.cpp">
      <Filter>ソース ファイル\MyLib\Physics</Filter>
    </ClCompile>
    <ClCompile Include="MyLib\Physics\ColliderSphere.cpp">
      <Filter>ソース ファイル\MyLib\Physics</Filter>
    </ClCompile>
    <ClCompile Include="MyLib\Physics\Physics.cpp">
      <Filter>ソース ファイル\MyLib\Physics</Filter>
    </ClCompile>
    <ClCompile Include="MyLib\Physics\Rigidbody.cpp">
      <Filter>ソース ファイル\MyLib\Physics</Filter>
    </ClCompile>
    <ClCompile Include="Planet\BossPlanet.cpp">
      <Filter>ソース ファイル\Planet\cpp</Filter>
    </ClCompile>
    <ClCompile Include="Planet\BoxPlanet.cpp">
      <Filter>ソース ファイル\Planet\cpp</Filter>
    </ClCompile>
    <ClCompile Include="Planet\Planet.cpp">
      <Filter>ソース ファイル\Planet\cpp</Filter>
    </ClCompile>
    <ClCompile Include="Planet\SpherePlanet.cpp">
      <Filter>ソース ファイル\Planet\cpp</Filter>
    </ClCompile>
    <ClCompile Include="LoadManager\EffectManager.cpp">
      <Filter>ソース ファイル\LoadManager</Filter>
    </ClCompile>
    <ClCompile Include="LoadManager\FontManager.cpp">
      <Filter>ソース ファイル\LoadManager</Filter>
    </ClCompile>
    <ClCompile Include="LoadManager\GraphManager.cpp">
      <Filter>ソース ファイル\LoadManager</Filter>
    </ClCompile>
    <ClCompile Include="LoadManager\ModelManager.cpp">
      <Filter>ソース ファイル\LoadManager</Filter>
    </ClCompile>
    <ClCompile Include="LoadManager\ScreenManager.cpp">
      <Filter>ソース ファイル\LoadManager</Filter>
    </ClCompile>
    <ClCompile Include="LoadManager\SoundManager.cpp">
      <Filter>ソース ファイル\LoadManager</Filter>
    </ClCompile>
    <ClCompile Include="Object\Camera\Camera.cpp">
      <Filter>ソース ファイル\Object\Camera</Filter>
    </ClCompile>
    <ClCompile Include="Object\Player\Player.cpp">
      <Filter>ソース ファイル\Object\Player</Filter>
    </ClCompile>
    <ClCompile Include="Object\Enemy\Gorori.cpp">
      <Filter>ソース ファイル\Object\Enemy\Gorori</Filter>
    </ClCompile>
    <ClCompile Include="Object\Enemy\Killer.cpp">
      <Filter>ソース ファイル\Object\Enemy\Killer</Filter>
    </ClCompile>
    <ClCompile Include="Object\Enemy\KillerTheSeeker.cpp">
      <Filter>ソース ファイル\Object\Enemy\KillerTheSeeker</Filter>
    </ClCompile>
    <ClCompile Include="Object\Enemy\Takobo.cpp">
      <Filter>ソース ファイル\Object\Enemy\Takobo</Filter>
    </ClCompile>
    <ClCompile Include="Object\ClearObject\ClearObject.cpp">
      <Filter>ソース ファイル\Object\ClearObject</Filter>
    </ClCompile>
    <ClCompile Include="Object\Item\Item.cpp">
      <Filter>ソース ファイル\Object\Item</Filter>
    </ClCompile>
    <ClCompile Include="Scene\GameOverScene.cpp">
      <Filter>ソース ファイル\Scene</Filter>
    </ClCompile>
    <ClCompile Include="Scene\GamePlayingScene.cpp">
      <Filter>ソース ファイル\Scene</Filter>
    </ClCompile>
    <ClCompile Include="Scene\TitleScene.cpp">
      <Filter>ソース ファイル\Scene</Filter>
    </ClCompile>
    <ClCompile Include="Scene\ClearScene.cpp">
      <Filter>ソース ファイル\Scene</Filter>
    </ClCompile>
    <ClCompile Include="Scene\PauseScene.cpp">
      <Filter>ソース ファイル\Scene</Filter>
    </ClCompile>
    <ClCompile Include="Scene\Scene.cpp">
      <Filter>ソース ファイル\Scene</Filter>
    </ClCompile>
    <ClCompile Include="Scene\SceneManager.cpp">
      <Filter>ソース ファイル\Scene</Filter>
    </ClCompile>
    <ClCompile Include="Object\WarpGate\WarpGate.cpp">
      <Filter>ソース ファイル\Object\Player\WarpGate</Filter>
    </ClCompile>
    <ClCompile Include="Object\Enemy\Enemy.cpp">
      <Filter>ソース ファイル\Object\Enemy</Filter>
    </ClCompile>
    <ClCompile Include="Object\Enemy\EnemyManager.cpp">
      <Filter>ソース ファイル\Object\Enemy</Filter>
    </ClCompile>
    <ClCompile Include="Object\Enemy\EnemySphere.cpp">
      <Filter>ソース ファイル\Object\Enemy</Filter>
    </ClCompile>
    <ClCompile Include="Game\Galaxy.cpp">
      <Filter>ソース ファイル\Galaxy\cpp</Filter>
    </ClCompile>
    <ClCompile Include="Game\SerialPlanetGalaxy.cpp">
      <Filter>ソース ファイル\Galaxy\cpp</Filter>
    </ClCompile>
    <ClCompile Include="Object\Base\SphereBase.cpp">
      <Filter>ソース ファイル\Object\Base</Filter>
    </ClCompile>
    <ClCompile Include="PlayerSphere.cpp">
      <Filter>ソース ファイル\Object\Player</Filter>
    </ClCompile>
    <ClCompile Include="MyLib\Quaternion.cpp">
      <Filter>ソース ファイル\MyLib</Filter>
    </ClCompile>
    <ClCompile Include="Object\ObjectManager.cpp">
      <Filter>ソース ファイル\Object</Filter>
    </ClCompile>
    <ClCompile Include="Object\Gimmick\StarCapture.cpp">
      <Filter>ソース ファイル\Object\Gimmick</Filter>
    </ClCompile>
    <ClCompile Include="MyLib\Easing.cpp">
      <Filter>ソース ファイル\MyLib</Filter>
    </ClCompile>
    <ClCompile Include="Object\WarpGate\Booster.cpp">
      <Filter>ソース ファイル\Object\Gimmick</Filter>
    </ClCompile>
    <ClCompile Include="Game.cpp">
      <Filter>ソース ファイル</Filter>
    </ClCompile>
    <ClCompile Include="Object\Gimmick\SeekerLine.cpp">
      <Filter>ソース ファイル\Object\Gimmick</Filter>
    </ClCompile>
    <ClCompile Include="Object\Gimmick\Crystal.cpp">
      <Filter>ソース ファイル\Object\Gimmick</Filter>
    </ClCompile>
    <ClCompile Include="Game\DebugGalaxy.cpp">
      <Filter>ソース ファイル\Galaxy\cpp</Filter>
    </ClCompile>
    <ClCompile Include="Object\Enemy\Kuribo.cpp">
      <Filter>ソース ファイル\Object\Enemy\Kuribo</Filter>
    </ClCompile>
    <ClCompile Include="Object\Gimmick\Invisible.cpp">
      <Filter>ソース ファイル\Object\Gimmick</Filter>
    </ClCompile>
    <ClCompile Include="Object\Item\Coin.cpp">
      <Filter>ソース ファイル\Object\Item</Filter>
    </ClCompile>
    <ClCompile Include="Object\Enemy\SpaceEmperor.cpp">
      <Filter>ソース ファイル\Object\Enemy</Filter>
    </ClCompile>
    <ClCompile Include="Planet\DumbbellPlanet.cpp">
      <Filter>ソース ファイル\Planet\cpp</Filter>
    </ClCompile>
    <ClCompile Include="Game\WatchGalaxy.cpp">
      <Filter>ソース ファイル\Galaxy\cpp</Filter>
    </ClCompile>
    <ClCompile Include="Object\LocationsManager.cpp">
      <Filter>ソース ファイル\LoadManager</Filter>
    </ClCompile>
  </ItemGroup>
  <ItemGroup>
    <ClInclude Include="Game.h">
      <Filter>ヘッダー ファイル</Filter>
    </ClInclude>
    <ClInclude Include="Application.h">
      <Filter>ヘッダー ファイル</Filter>
    </ClInclude>
    <ClInclude Include="Pad.h">
      <Filter>ヘッダー ファイル</Filter>
    </ClInclude>
    <ClInclude Include="Game\GameManager.h">
      <Filter>ヘッダー ファイル</Filter>
    </ClInclude>
    <ClInclude Include="Game\World.h">
      <Filter>ヘッダー ファイル</Filter>
    </ClInclude>
    <ClInclude Include="Planet\BossPlanet.h">
      <Filter>ヘッダー ファイル\Planet\h</Filter>
    </ClInclude>
    <ClInclude Include="Planet\BoxPlanet.h">
      <Filter>ヘッダー ファイル\Planet\h</Filter>
    </ClInclude>
    <ClInclude Include="Planet\Planet.h">
      <Filter>ヘッダー ファイル\Planet\h</Filter>
    </ClInclude>
    <ClInclude Include="Planet\SpherePlanet.h">
      <Filter>ヘッダー ファイル\Planet\h</Filter>
    </ClInclude>
    <ClInclude Include="Game\Galaxy.h">
      <Filter>ヘッダー ファイル\Galaxy\h</Filter>
    </ClInclude>
    <ClInclude Include="Game\SerialPlanetGalaxy.h">
      <Filter>ヘッダー ファイル\Galaxy\h</Filter>
    </ClInclude>
    <ClInclude Include="Scene\ClearScene.h">
      <Filter>ヘッダー ファイル\Scene</Filter>
    </ClInclude>
    <ClInclude Include="Scene\GameOverScene.h">
      <Filter>ヘッダー ファイル\Scene</Filter>
    </ClInclude>
    <ClInclude Include="Scene\GamePlayingScene.h">
      <Filter>ヘッダー ファイル\Scene</Filter>
    </ClInclude>
    <ClInclude Include="Scene\PauseScene.h">
      <Filter>ヘッダー ファイル\Scene</Filter>
    </ClInclude>
    <ClInclude Include="Scene\Scene.h">
      <Filter>ヘッダー ファイル\Scene</Filter>
    </ClInclude>
    <ClInclude Include="Scene\SceneManager.h">
      <Filter>ヘッダー ファイル\Scene</Filter>
    </ClInclude>
    <ClInclude Include="Scene\TitleScene.h">
      <Filter>ヘッダー ファイル\Scene</Filter>
    </ClInclude>
    <ClInclude Include="Object\ObjectManager.h">
      <Filter>ヘッダー ファイル\Object</Filter>
    </ClInclude>
    <ClInclude Include="Object\Player\Player.h">
      <Filter>ヘッダー ファイル\Object\Player</Filter>
    </ClInclude>
    <ClInclude Include="PlayerSphere.h">
      <Filter>ヘッダー ファイル\Object\Player</Filter>
    </ClInclude>
    <ClInclude Include="Object\WarpGate\WarpGate.h">
      <Filter>ヘッダー ファイル\Object\WarpGate</Filter>
    </ClInclude>
    <ClInclude Include="Object\Gimmick\StarCapture.h">
      <Filter>ヘッダー ファイル\Object\Gimmick</Filter>
    </ClInclude>
    <ClInclude Include="Object\Item\Item.h">
      <Filter>ヘッダー ファイル\Object\Item</Filter>
    </ClInclude>
    <ClInclude Include="Object\Enemy\Enemy.h">
      <Filter>ヘッダー ファイル\Object\Enemy</Filter>
    </ClInclude>
    <ClInclude Include="Object\Enemy\EnemyManager.h">
      <Filter>ヘッダー ファイル\Object\Enemy</Filter>
    </ClInclude>
    <ClInclude Include="Object\Enemy\EnemySphere.h">
      <Filter>ヘッダー ファイル\Object\Enemy</Filter>
    </ClInclude>
    <ClInclude Include="Object\Enemy\Takobo.h">
      <Filter>ヘッダー ファイル\Object\Enemy</Filter>
    </ClInclude>
    <ClInclude Include="Object\Enemy\KillerTheSeeker.h">
      <Filter>ヘッダー ファイル\Object\Enemy</Filter>
    </ClInclude>
    <ClInclude Include="Object\Enemy\Killer.h">
      <Filter>ヘッダー ファイル\Object\Enemy</Filter>
    </ClInclude>
    <ClInclude Include="Object\Enemy\Gorori.h">
      <Filter>ヘッダー ファイル\Object\Enemy</Filter>
    </ClInclude>
    <ClInclude Include="Object\ClearObject\ClearObject.h">
      <Filter>ヘッダー ファイル\Object\ClearObject</Filter>
    </ClInclude>
    <ClInclude Include="Object\Camera\Camera.h">
      <Filter>ヘッダー ファイル\Object\Camera</Filter>
    </ClInclude>
    <ClInclude Include="Object\Base\SphereBase.h">
      <Filter>ヘッダー ファイル\Object\Base</Filter>
    </ClInclude>
    <ClInclude Include="MyLib\DebugDraw.h">
      <Filter>ヘッダー ファイル\MyLib</Filter>
    </ClInclude>
    <ClInclude Include="MyLib\Geometry.h">
      <Filter>ヘッダー ファイル\MyLib</Filter>
    </ClInclude>
    <ClInclude Include="MyLib\ObjectTag.h">
      <Filter>ヘッダー ファイル\MyLib</Filter>
    </ClInclude>
    <ClInclude Include="MyLib\Quaternion.h">
      <Filter>ヘッダー ファイル\MyLib</Filter>
    </ClInclude>
    <ClInclude Include="MyLib\Vec2.h">
      <Filter>ヘッダー ファイル\MyLib</Filter>
    </ClInclude>
    <ClInclude Include="MyLib\Vec3.h">
      <Filter>ヘッダー ファイル\MyLib</Filter>
    </ClInclude>
    <ClInclude Include="MyLib\Physics\Collidable.h">
      <Filter>ヘッダー ファイル\MyLib\Physics</Filter>
    </ClInclude>
    <ClInclude Include="MyLib\Physics\ColliderBase.h">
      <Filter>ヘッダー ファイル\MyLib\Physics</Filter>
    </ClInclude>
    <ClInclude Include="MyLib\Physics\ColliderBox.h">
      <Filter>ヘッダー ファイル\MyLib\Physics</Filter>
    </ClInclude>
    <ClInclude Include="MyLib\Physics\ColliderCapsule.h">
      <Filter>ヘッダー ファイル\MyLib\Physics</Filter>
    </ClInclude>
    <ClInclude Include="MyLib\Physics\ColliderSphere.h">
      <Filter>ヘッダー ファイル\MyLib\Physics</Filter>
    </ClInclude>
    <ClInclude Include="MyLib\Physics\Physics.h">
      <Filter>ヘッダー ファイル\MyLib\Physics</Filter>
    </ClInclude>
    <ClInclude Include="MyLib\Physics\Rigidbody.h">
      <Filter>ヘッダー ファイル\MyLib\Physics</Filter>
    </ClInclude>
    <ClInclude Include="LoadManager\EffectManager.h">
      <Filter>ヘッダー ファイル\LoadManager</Filter>
    </ClInclude>
    <ClInclude Include="LoadManager\FontManager.h">
      <Filter>ヘッダー ファイル\LoadManager</Filter>
    </ClInclude>
    <ClInclude Include="LoadManager\GraphManager.h">
      <Filter>ヘッダー ファイル\LoadManager</Filter>
    </ClInclude>
    <ClInclude Include="LoadManager\ModelManager.h">
      <Filter>ヘッダー ファイル\LoadManager</Filter>
    </ClInclude>
    <ClInclude Include="LoadManager\ScreenManager.h">
      <Filter>ヘッダー ファイル\LoadManager</Filter>
    </ClInclude>
    <ClInclude Include="LoadManager\SoundManager.h">
      <Filter>ヘッダー ファイル\LoadManager</Filter>
    </ClInclude>
    <ClInclude Include="MyLib\Easing.h">
      <Filter>ヘッダー ファイル\MyLib</Filter>
    </ClInclude>
    <ClInclude Include="Object\WarpGate\Booster.h">
      <Filter>ヘッダー ファイル\Object\Gimmick</Filter>
    </ClInclude>
    <ClInclude Include="resource.h">
      <Filter>ヘッダー ファイル</Filter>
    </ClInclude>
    <ClInclude Include="Object\Gimmick\SeekerLine.h">
      <Filter>ヘッダー ファイル\Object\Gimmick</Filter>
    </ClInclude>
    <ClInclude Include="Object\Gimmick\Crystal.h">
      <Filter>ヘッダー ファイル\Object\Gimmick</Filter>
    </ClInclude>
    <ClInclude Include="MyLib\Physics\CollisionUtil.h">
      <Filter>ソース ファイル</Filter>
    </ClInclude>
    <ClInclude Include="Game\DebugGalaxy.h">
      <Filter>ヘッダー ファイル\Galaxy\h</Filter>
    </ClInclude>
    <ClInclude Include="Kuribo.h">
      <Filter>ヘッダー ファイル\Object\Enemy</Filter>
    </ClInclude>
    <ClInclude Include="Object\Gimmick\Invisible.h">
      <Filter>ヘッダー ファイル\Object\Gimmick</Filter>
    </ClInclude>
    <ClInclude Include="Object\Item\Coin.h">
      <Filter>ヘッダー ファイル\Object\Item</Filter>
    </ClInclude>
    <ClInclude Include="Object\Enemy\SpaceEmperor.h">
      <Filter>ヘッダー ファイル\Object\Enemy</Filter>
    </ClInclude>
    <ClInclude Include="Planet\DumbbellPlanet.h">
      <Filter>ヘッダー ファイル\Planet\h</Filter>
    </ClInclude>
    <ClInclude Include="Game\WatchGalaxy.h">
      <Filter>ヘッダー ファイル\Galaxy\h</Filter>
    </ClInclude>
    <ClInclude Include="Object\LocationsManager.h">
      <Filter>ヘッダー ファイル\LoadManager</Filter>
    </ClInclude>
  </ItemGroup>
  <ItemGroup>
    <ResourceCompile Include="ProjectGalaxy.rc">
      <Filter>リソース ファイル</Filter>
    </ResourceCompile>
  </ItemGroup>
</Project>