<?xml version="1.0" encoding="utf-8"?>
<Project ToolsVersion="4.0" xmlns="http://schemas.microsoft.com/developer/msbuild/2003">
  <ItemGroup>
    <Filter Include="ソース ファイル">
      <UniqueIdentifier>{4FC737F1-C7A5-4376-A066-2A32D752A2FF}</UniqueIdentifier>
      <Extensions>cpp;c;cc;cxx;c++;cppm;ixx;def;odl;idl;hpj;bat;asm;asmx</Extensions>
    </Filter>
    <Filter Include="ヘッダー ファイル">
      <UniqueIdentifier>{93995380-89BD-4b04-88EB-625FBE52EBFB}</UniqueIdentifier>
      <Extensions>h;hh;hpp;hxx;h++;hm;inl;inc;ipp;xsd</Extensions>
    </Filter>
    <Filter Include="リソース ファイル">
      <UniqueIdentifier>{67DA6AB6-F800-4c08-8B7A-83BB121AAD01}</UniqueIdentifier>
      <Extensions>rc;ico;cur;bmp;dlg;rc2;rct;bin;rgs;gif;jpg;jpeg;jpe;resx;tiff;tif;png;wav;mfcribbon-ms</Extensions>
    </Filter>
    <Filter Include="ソース ファイル\testCode">
      <UniqueIdentifier>{c7258501-ad5b-4070-9b5d-2f29ae06c21b}</UniqueIdentifier>
    </Filter>
    <Filter Include="ソース ファイル\Class">
      <UniqueIdentifier>{7cfd6d37-10d9-4a78-988a-4f507df4d471}</UniqueIdentifier>
    </Filter>
    <Filter Include="ソース ファイル\Sample1">
      <UniqueIdentifier>{faf6f7fa-733a-4991-8619-611372fb59b5}</UniqueIdentifier>
    </Filter>
  </ItemGroup>
  <ItemGroup>
    <ClInclude Include="Game.h">
      <Filter>ヘッダー ファイル</Filter>
    </ClInclude>
    <ClInclude Include="class3Enemy.h">
      <Filter>ヘッダー ファイル</Filter>
    </ClInclude>
    <ClInclude Include="Enemy1.h">
      <Filter>ヘッダー ファイル</Filter>
    </ClInclude>
  </ItemGroup>
  <ItemGroup>
    <ClCompile Include="ScreenEffectSample.cpp">
      <Filter>ソース ファイル\testCode</Filter>
    </ClCompile>
    <ClCompile Include="SinCos.cpp">
      <Filter>ソース ファイル\testCode</Filter>
    </ClCompile>
    <ClCompile Include="class1.cpp">
      <Filter>ソース ファイル\Class</Filter>
    </ClCompile>
    <ClCompile Include="class2.cpp">
      <Filter>ソース ファイル\Class</Filter>
    </ClCompile>
    <ClCompile Include="class3.cpp">
      <Filter>ソース ファイル\Class</Filter>
    </ClCompile>
    <ClCompile Include="class3Enemy.cpp">
      <Filter>ソース ファイル\Class</Filter>
    </ClCompile>
    <ClCompile Include="sample1.cpp">
      <Filter>ソース ファイル\Sample1</Filter>
    </ClCompile>
    <ClCompile Include="Enemy1.cpp">
      <Filter>ソース ファイル\Sample1</Filter>
    </ClCompile>
  </ItemGroup>
</Project>