<?xml version="1.0" encoding="utf-8"?>
<Project ToolsVersion="4.0" xmlns="http://schemas.microsoft.com/developer/msbuild/2003">
  <ItemGroup>
    <Filter Include="ソース ファイル">
      <UniqueIdentifier>{4FC737F1-C7A5-4376-A066-2A32D752A2FF}</UniqueIdentifier>
      <Extensions>cpp;c;cc;cxx;c++;cppm;ixx;def;odl;idl;hpj;bat;asm;asmx</Extensions>
    </Filter>
    <Filter Include="ヘッダー ファイル">
      <UniqueIdentifier>{93995380-89BD-4b04-88EB-625FBE52EBFB}</UniqueIdentifier>
      <Extensions>h;hh;hpp;hxx;h++;hm;inl;inc;ipp;xsd</Extensions>
    </Filter>
    <Filter Include="リソース ファイル">
      <UniqueIdentifier>{67DA6AB6-F800-4c08-8B7A-83BB121AAD01}</UniqueIdentifier>
      <Extensions>rc;ico;cur;bmp;dlg;rc2;rct;bin;rgs;gif;jpg;jpeg;jpe;resx;tiff;tif;png;wav;mfcribbon-ms</Extensions>
    </Filter>
    <Filter Include="ソース ファイル\testCode">
      <UniqueIdentifier>{c7258501-ad5b-4070-9b5d-2f29ae06c21b}</UniqueIdentifier>
    </Filter>
    <Filter Include="ソース ファイル\Class">
      <UniqueIdentifier>{7cfd6d37-10d9-4a78-988a-4f507df4d471}</UniqueIdentifier>
    </Filter>
    <Filter Include="ソース ファイル\Sample1">
      <UniqueIdentifier>{faf6f7fa-733a-4991-8619-611372fb59b5}</UniqueIdentifier>
    </Filter>
    <Filter Include="ヘッダー ファイル\Sample1">
      <UniqueIdentifier>{7a20bbc9-1747-4a06-b2b7-85fcdbd558ae}</UniqueIdentifier>
    </Filter>
    <Filter Include="ソース ファイル\Sample2">
      <UniqueIdentifier>{10456ede-2ae8-4839-b91f-dbb5df5f49e5}</UniqueIdentifier>
    </Filter>
    <Filter Include="ヘッダー ファイル\Sample2">
      <UniqueIdentifier>{18e8fe1b-771a-434e-8be6-fd1f12b7f52e}</UniqueIdentifier>
    </Filter>
    <Filter Include="ソース ファイル\Sample3">
      <UniqueIdentifier>{f71247e9-69c2-4390-90f6-4bb9f7bc8588}</UniqueIdentifier>
    </Filter>
    <Filter Include="ヘッダー ファイル\Sample3">
      <UniqueIdentifier>{3432de35-0a73-46d7-9175-69065ee05ddd}</UniqueIdentifier>
    </Filter>
    <Filter Include="ソース ファイル\Sample4">
      <UniqueIdentifier>{84ec696a-8460-49f9-b7e8-8a1b2e26d060}</UniqueIdentifier>
    </Filter>
    <Filter Include="ソース ファイル\Sample5">
      <UniqueIdentifier>{307d73b1-2aa4-4c13-b1a7-3851858e3b93}</UniqueIdentifier>
    </Filter>
    <Filter Include="ソース ファイル\StructTraining">
      <UniqueIdentifier>{f3cc6e63-736d-4ec1-b645-eea6c2bd33e7}</UniqueIdentifier>
    </Filter>
    <Filter Include="ヘッダー ファイル\StructTraining">
      <UniqueIdentifier>{df3b152f-f9b5-458a-858d-c2adcae88154}</UniqueIdentifier>
    </Filter>
    <Filter Include="ソース ファイル\CircleCollision">
      <UniqueIdentifier>{0befe55c-6e81-4006-be1f-9ca97a18c2c9}</UniqueIdentifier>
    </Filter>
    <Filter Include="ヘッダー ファイル\CircleCollision">
      <UniqueIdentifier>{70f9d6d2-7770-406f-9a06-4735378a9b8e}</UniqueIdentifier>
    </Filter>
    <Filter Include="ソース ファイル\SquareCollision">
      <UniqueIdentifier>{a1e151bb-ae84-4b06-b367-da553dbe042e}</UniqueIdentifier>
    </Filter>
    <Filter Include="ヘッダー ファイル\SquareCollision">
      <UniqueIdentifier>{67425fef-0e91-4bfe-8425-eaaf51d007c0}</UniqueIdentifier>
    </Filter>
  </ItemGroup>
  <ItemGroup>
    <ClInclude Include="Game.h">
      <Filter>ヘッダー ファイル</Filter>
    </ClInclude>
    <ClInclude Include="class3Enemy.h">
      <Filter>ヘッダー ファイル</Filter>
    </ClInclude>
    <ClInclude Include="Enemy1.h">
      <Filter>ヘッダー ファイル\Sample1</Filter>
    </ClInclude>
    <ClInclude Include="SceneTitle2.h">
      <Filter>ヘッダー ファイル\Sample2</Filter>
    </ClInclude>
    <ClInclude Include="SceneMain3.h">
      <Filter>ヘッダー ファイル\Sample3</Filter>
    </ClInclude>
    <ClInclude Include="Player3.h">
      <Filter>ヘッダー ファイル\Sample3</Filter>
    </ClInclude>
    <ClInclude Include="structEnemy.h">
      <Filter>ヘッダー ファイル\StructTraining</Filter>
    </ClInclude>
    <ClInclude Include="structPlayer.h">
      <Filter>ヘッダー ファイル\StructTraining</Filter>
    </ClInclude>
    <ClInclude Include="circlePlayer.h">
      <Filter>ヘッダー ファイル\CircleCollision</Filter>
    </ClInclude>
    <ClInclude Include="circleEnemy.h">
      <Filter>ヘッダー ファイル\CircleCollision</Filter>
    </ClInclude>
    <ClInclude Include="Rect.h">
      <Filter>ヘッダー ファイル\SquareCollision</Filter>
    </ClInclude>
    <ClInclude Include="SquareSceneMain.h">
      <Filter>ヘッダー ファイル\SquareCollision</Filter>
    </ClInclude>
  </ItemGroup>
  <ItemGroup>
    <ClCompile Include="ScreenEffectSample.cpp">
      <Filter>ソース ファイル\testCode</Filter>
    </ClCompile>
    <ClCompile Include="SinCos.cpp">
      <Filter>ソース ファイル\testCode</Filter>
    </ClCompile>
    <ClCompile Include="class1.cpp">
      <Filter>ソース ファイル\Class</Filter>
    </ClCompile>
    <ClCompile Include="class2.cpp">
      <Filter>ソース ファイル\Class</Filter>
    </ClCompile>
    <ClCompile Include="class3.cpp">
      <Filter>ソース ファイル\Class</Filter>
    </ClCompile>
    <ClCompile Include="class3Enemy.cpp">
      <Filter>ソース ファイル\Class</Filter>
    </ClCompile>
    <ClCompile Include="sample1.cpp">
      <Filter>ソース ファイル\Sample1</Filter>
    </ClCompile>
    <ClCompile Include="Enemy1.cpp">
      <Filter>ソース ファイル\Sample1</Filter>
    </ClCompile>
    <ClCompile Include="sample2.cpp">
      <Filter>ソース ファイル\Sample2</Filter>
    </ClCompile>
    <ClCompile Include="SceneTitle2.cpp">
      <Filter>ソース ファイル\Sample2</Filter>
    </ClCompile>
    <ClCompile Include="sample3.cpp">
      <Filter>ソース ファイル\Sample3</Filter>
    </ClCompile>
    <ClCompile Include="SceneMain3.cpp">
      <Filter>ソース ファイル\Sample3</Filter>
    </ClCompile>
    <ClCompile Include="Player3.cpp">
      <Filter>ソース ファイル\Sample3</Filter>
    </ClCompile>
    <ClCompile Include="Sample4.cpp">
      <Filter>ソース ファイル\Sample4</Filter>
    </ClCompile>
    <ClCompile Include="sample5.cpp">
      <Filter>ソース ファイル\Sample5</Filter>
    </ClCompile>
    <ClCompile Include="structTraining.cpp">
      <Filter>ソース ファイル\StructTraining</Filter>
    </ClCompile>
    <ClCompile Include="structPlayer.cpp">
      <Filter>ソース ファイル\StructTraining</Filter>
    </ClCompile>
    <ClCompile Include="structEnemy.cpp">
      <Filter>ソース ファイル\StructTraining</Filter>
    </ClCompile>
    <ClCompile Include="CircleCollision.cpp">
      <Filter>ソース ファイル\CircleCollision</Filter>
    </ClCompile>
    <ClCompile Include="circlePlayer.cpp">
      <Filter>ソース ファイル\CircleCollision</Filter>
    </ClCompile>
    <ClCompile Include="circleEnemy.cpp">
      <Filter>ソース ファイル\CircleCollision</Filter>
    </ClCompile>
    <ClCompile Include="SuareCollision.cpp">
      <Filter>ソース ファイル\SquareCollision</Filter>
    </ClCompile>
    <ClCompile Include="Rect.cpp">
      <Filter>ソース ファイル\SquareCollision</Filter>
    </ClCompile>
    <ClCompile Include="SquareSceneMain.cpp">
      <Filter>ソース ファイル\SquareCollision</Filter>
    </ClCompile>
  </ItemGroup>
</Project>